
Microsoft Visual Studio Solution File, Format Version 12.00
# Visual Studio 15
VisualStudioVersion = 15.0.28307.168
MinimumVisualStudioVersion = 10.0.40219.1
Project("{FAE04EC0-301F-11D3-BF4B-00C04F79EFBC}") = "A03LayoutXF.Android", "A03LayoutXF\A03LayoutXF.Android\A03LayoutXF.Android.csproj", "{7FB07361-6117-4DF3-8AFD-F52A9E4178A2}"
EndProject
Project("{FAE04EC0-301F-11D3-BF4B-00C04F79EFBC}") = "A03LayoutXF.iOS", "A03LayoutXF\A03LayoutXF.iOS\A03LayoutXF.iOS.csproj", "{2E71A399-2375-48B8-8998-90C6583F535E}"
EndProject
Project("{FAE04EC0-301F-11D3-BF4B-00C04F79EFBC}") = "A03LayoutXF.UWP", "A03LayoutXF\A03LayoutXF.UWP\A03LayoutXF.UWP.csproj", "{DB8BA9BC-42A0-44D5-B814-53F3A5787BDE}"
EndProject
Project("{FAE04EC0-301F-11D3-BF4B-00C04F79EFBC}") = "A03LayoutXF", "A03LayoutXF\A03LayoutXF\A03LayoutXF.csproj", "{6AF03178-2FDF-4DFE-8BF8-21972A9CF62E}"
EndProject
Global
	GlobalSection(SolutionConfigurationPlatforms) = preSolution
		Ad-Hoc|Any CPU = Ad-Hoc|Any CPU
		Ad-Hoc|ARM = Ad-Hoc|ARM
		Ad-Hoc|iPhone = Ad-Hoc|iPhone
		Ad-Hoc|iPhoneSimulator = Ad-Hoc|iPhoneSimulator
		Ad-Hoc|x64 = Ad-Hoc|x64
		Ad-Hoc|x86 = Ad-Hoc|x86
		AppStore|Any CPU = AppStore|Any CPU
		AppStore|ARM = AppStore|ARM
		AppStore|iPhone = AppStore|iPhone
		AppStore|iPhoneSimulator = AppStore|iPhoneSimulator
		AppStore|x64 = AppStore|x64
		AppStore|x86 = AppStore|x86
		Debug|Any CPU = Debug|Any CPU
		Debug|ARM = Debug|ARM
		Debug|iPhone = Debug|iPhone
		Debug|iPhoneSimulator = Debug|iPhoneSimulator
		Debug|x64 = Debug|x64
		Debug|x86 = Debug|x86
		Release|Any CPU = Release|Any CPU
		Release|ARM = Release|ARM
		Release|iPhone = Release|iPhone
		Release|iPhoneSimulator = Release|iPhoneSimulator
		Release|x64 = Release|x64
		Release|x86 = Release|x86
	EndGlobalSection
	GlobalSection(ProjectConfigurationPlatforms) = postSolution
		{7FB07361-6117-4DF3-8AFD-F52A9E4178A2}.Ad-Hoc|Any CPU.ActiveCfg = Release|Any CPU
		{7FB07361-6117-4DF3-8AFD-F52A9E4178A2}.Ad-Hoc|Any CPU.Build.0 = Release|Any CPU
		{7FB07361-6117-4DF3-8AFD-F52A9E4178A2}.Ad-Hoc|Any CPU.Deploy.0 = Release|Any CPU
		{7FB07361-6117-4DF3-8AFD-F52A9E4178A2}.Ad-Hoc|ARM.ActiveCfg = Release|Any CPU
		{7FB07361-6117-4DF3-8AFD-F52A9E4178A2}.Ad-Hoc|ARM.Build.0 = Release|Any CPU
		{7FB07361-6117-4DF3-8AFD-F52A9E4178A2}.Ad-Hoc|ARM.Deploy.0 = Release|Any CPU
		{7FB07361-6117-4DF3-8AFD-F52A9E4178A2}.Ad-Hoc|iPhone.ActiveCfg = Release|Any CPU
		{7FB07361-6117-4DF3-8AFD-F52A9E4178A2}.Ad-Hoc|iPhone.Build.0 = Release|Any CPU
		{7FB07361-6117-4DF3-8AFD-F52A9E4178A2}.Ad-Hoc|iPhone.Deploy.0 = Release|Any CPU
		{7FB07361-6117-4DF3-8AFD-F52A9E4178A2}.Ad-Hoc|iPhoneSimulator.ActiveCfg = Release|Any CPU
		{7FB07361-6117-4DF3-8AFD-F52A9E4178A2}.Ad-Hoc|iPhoneSimulator.Build.0 = Release|Any CPU
		{7FB07361-6117-4DF3-8AFD-F52A9E4178A2}.Ad-Hoc|iPhoneSimulator.Deploy.0 = Release|Any CPU
		{7FB07361-6117-4DF3-8AFD-F52A9E4178A2}.Ad-Hoc|x64.ActiveCfg = Release|Any CPU
		{7FB07361-6117-4DF3-8AFD-F52A9E4178A2}.Ad-Hoc|x64.Build.0 = Release|Any CPU
		{7FB07361-6117-4DF3-8AFD-F52A9E4178A2}.Ad-Hoc|x64.Deploy.0 = Release|Any CPU
		{7FB07361-6117-4DF3-8AFD-F52A9E4178A2}.Ad-Hoc|x86.ActiveCfg = Release|Any CPU
		{7FB07361-6117-4DF3-8AFD-F52A9E4178A2}.Ad-Hoc|x86.Build.0 = Release|Any CPU
		{7FB07361-6117-4DF3-8AFD-F52A9E4178A2}.Ad-Hoc|x86.Deploy.0 = Release|Any CPU
		{7FB07361-6117-4DF3-8AFD-F52A9E4178A2}.AppStore|Any CPU.ActiveCfg = Release|Any CPU
		{7FB07361-6117-4DF3-8AFD-F52A9E4178A2}.AppStore|Any CPU.Build.0 = Release|Any CPU
		{7FB07361-6117-4DF3-8AFD-F52A9E4178A2}.AppStore|Any CPU.Deploy.0 = Release|Any CPU
		{7FB07361-6117-4DF3-8AFD-F52A9E4178A2}.AppStore|ARM.ActiveCfg = Release|Any CPU
		{7FB07361-6117-4DF3-8AFD-F52A9E4178A2}.AppStore|ARM.Build.0 = Release|Any CPU
		{7FB07361-6117-4DF3-8AFD-F52A9E4178A2}.AppStore|ARM.Deploy.0 = Release|Any CPU
		{7FB07361-6117-4DF3-8AFD-F52A9E4178A2}.AppStore|iPhone.ActiveCfg = Release|Any CPU
		{7FB07361-6117-4DF3-8AFD-F52A9E4178A2}.AppStore|iPhone.Build.0 = Release|Any CPU
		{7FB07361-6117-4DF3-8AFD-F52A9E4178A2}.AppStore|iPhone.Deploy.0 = Release|Any CPU
		{7FB07361-6117-4DF3-8AFD-F52A9E4178A2}.AppStore|iPhoneSimulator.ActiveCfg = Release|Any CPU
		{7FB07361-6117-4DF3-8AFD-F52A9E4178A2}.AppStore|iPhoneSimulator.Build.0 = Release|Any CPU
		{7FB07361-6117-4DF3-8AFD-F52A9E4178A2}.AppStore|iPhoneSimulator.Deploy.0 = Release|Any CPU
		{7FB07361-6117-4DF3-8AFD-F52A9E4178A2}.AppStore|x64.ActiveCfg = Release|Any CPU
		{7FB07361-6117-4DF3-8AFD-F52A9E4178A2}.AppStore|x64.Build.0 = Release|Any CPU
		{7FB07361-6117-4DF3-8AFD-F52A9E4178A2}.AppStore|x64.Deploy.0 = Release|Any CPU
		{7FB07361-6117-4DF3-8AFD-F52A9E4178A2}.AppStore|x86.ActiveCfg = Release|Any CPU
		{7FB07361-6117-4DF3-8AFD-F52A9E4178A2}.AppStore|x86.Build.0 = Release|Any CPU
		{7FB07361-6117-4DF3-8AFD-F52A9E4178A2}.AppStore|x86.Deploy.0 = Release|Any CPU
		{7FB07361-6117-4DF3-8AFD-F52A9E4178A2}.Debug|Any CPU.ActiveCfg = Debug|Any CPU
		{7FB07361-6117-4DF3-8AFD-F52A9E4178A2}.Debug|Any CPU.Build.0 = Debug|Any CPU
		{7FB07361-6117-4DF3-8AFD-F52A9E4178A2}.Debug|Any CPU.Deploy.0 = Debug|Any CPU
		{7FB07361-6117-4DF3-8AFD-F52A9E4178A2}.Debug|ARM.ActiveCfg = Debug|Any CPU
		{7FB07361-6117-4DF3-8AFD-F52A9E4178A2}.Debug|ARM.Build.0 = Debug|Any CPU
		{7FB07361-6117-4DF3-8AFD-F52A9E4178A2}.Debug|ARM.Deploy.0 = Debug|Any CPU
		{7FB07361-6117-4DF3-8AFD-F52A9E4178A2}.Debug|iPhone.ActiveCfg = Debug|Any CPU
		{7FB07361-6117-4DF3-8AFD-F52A9E4178A2}.Debug|iPhone.Build.0 = Debug|Any CPU
		{7FB07361-6117-4DF3-8AFD-F52A9E4178A2}.Debug|iPhone.Deploy.0 = Debug|Any CPU
		{7FB07361-6117-4DF3-8AFD-F52A9E4178A2}.Debug|iPhoneSimulator.ActiveCfg = Debug|Any CPU
		{7FB07361-6117-4DF3-8AFD-F52A9E4178A2}.Debug|iPhoneSimulator.Build.0 = Debug|Any CPU
		{7FB07361-6117-4DF3-8AFD-F52A9E4178A2}.Debug|iPhoneSimulator.Deploy.0 = Debug|Any CPU
		{7FB07361-6117-4DF3-8AFD-F52A9E4178A2}.Debug|x64.ActiveCfg = Debug|Any CPU
		{7FB07361-6117-4DF3-8AFD-F52A9E4178A2}.Debug|x64.Build.0 = Debug|Any CPU
		{7FB07361-6117-4DF3-8AFD-F52A9E4178A2}.Debug|x64.Deploy.0 = Debug|Any CPU
		{7FB07361-6117-4DF3-8AFD-F52A9E4178A2}.Debug|x86.ActiveCfg = Debug|Any CPU
		{7FB07361-6117-4DF3-8AFD-F52A9E4178A2}.Debug|x86.Build.0 = Debug|Any CPU
		{7FB07361-6117-4DF3-8AFD-F52A9E4178A2}.Debug|x86.Deploy.0 = Debug|Any CPU
		{7FB07361-6117-4DF3-8AFD-F52A9E4178A2}.Release|Any CPU.ActiveCfg = Release|Any CPU
		{7FB07361-6117-4DF3-8AFD-F52A9E4178A2}.Release|Any CPU.Build.0 = Release|Any CPU
		{7FB07361-6117-4DF3-8AFD-F52A9E4178A2}.Release|Any CPU.Deploy.0 = Release|Any CPU
		{7FB07361-6117-4DF3-8AFD-F52A9E4178A2}.Release|ARM.ActiveCfg = Release|Any CPU
		{7FB07361-6117-4DF3-8AFD-F52A9E4178A2}.Release|ARM.Build.0 = Release|Any CPU
		{7FB07361-6117-4DF3-8AFD-F52A9E4178A2}.Release|ARM.Deploy.0 = Release|Any CPU
		{7FB07361-6117-4DF3-8AFD-F52A9E4178A2}.Release|iPhone.ActiveCfg = Release|Any CPU
		{7FB07361-6117-4DF3-8AFD-F52A9E4178A2}.Release|iPhone.Build.0 = Release|Any CPU
		{7FB07361-6117-4DF3-8AFD-F52A9E4178A2}.Release|iPhone.Deploy.0 = Release|Any CPU
		{7FB07361-6117-4DF3-8AFD-F52A9E4178A2}.Release|iPhoneSimulator.ActiveCfg = Release|Any CPU
		{7FB07361-6117-4DF3-8AFD-F52A9E4178A2}.Release|iPhoneSimulator.Build.0 = Release|Any CPU
		{7FB07361-6117-4DF3-8AFD-F52A9E4178A2}.Release|iPhoneSimulator.Deploy.0 = Release|Any CPU
		{7FB07361-6117-4DF3-8AFD-F52A9E4178A2}.Release|x64.ActiveCfg = Release|Any CPU
		{7FB07361-6117-4DF3-8AFD-F52A9E4178A2}.Release|x64.Build.0 = Release|Any CPU
		{7FB07361-6117-4DF3-8AFD-F52A9E4178A2}.Release|x64.Deploy.0 = Release|Any CPU
		{7FB07361-6117-4DF3-8AFD-F52A9E4178A2}.Release|x86.ActiveCfg = Release|Any CPU
		{7FB07361-6117-4DF3-8AFD-F52A9E4178A2}.Release|x86.Build.0 = Release|Any CPU
		{7FB07361-6117-4DF3-8AFD-F52A9E4178A2}.Release|x86.Deploy.0 = Release|Any CPU
		{2E71A399-2375-48B8-8998-90C6583F535E}.Ad-Hoc|Any CPU.ActiveCfg = Ad-Hoc|iPhone
		{2E71A399-2375-48B8-8998-90C6583F535E}.Ad-Hoc|Any CPU.Build.0 = Ad-Hoc|iPhone
		{2E71A399-2375-48B8-8998-90C6583F535E}.Ad-Hoc|Any CPU.Deploy.0 = Ad-Hoc|iPhone
		{2E71A399-2375-48B8-8998-90C6583F535E}.Ad-Hoc|ARM.ActiveCfg = Ad-Hoc|iPhone
		{2E71A399-2375-48B8-8998-90C6583F535E}.Ad-Hoc|ARM.Build.0 = Ad-Hoc|iPhone
		{2E71A399-2375-48B8-8998-90C6583F535E}.Ad-Hoc|ARM.Deploy.0 = Ad-Hoc|iPhone
		{2E71A399-2375-48B8-8998-90C6583F535E}.Ad-Hoc|iPhone.ActiveCfg = Ad-Hoc|iPhone
		{2E71A399-2375-48B8-8998-90C6583F535E}.Ad-Hoc|iPhone.Build.0 = Ad-Hoc|iPhone
		{2E71A399-2375-48B8-8998-90C6583F535E}.Ad-Hoc|iPhone.Deploy.0 = Ad-Hoc|iPhone
		{2E71A399-2375-48B8-8998-90C6583F535E}.Ad-Hoc|iPhoneSimulator.ActiveCfg = Ad-Hoc|iPhoneSimulator
		{2E71A399-2375-48B8-8998-90C6583F535E}.Ad-Hoc|iPhoneSimulator.Build.0 = Ad-Hoc|iPhoneSimulator
		{2E71A399-2375-48B8-8998-90C6583F535E}.Ad-Hoc|iPhoneSimulator.Deploy.0 = Ad-Hoc|iPhoneSimulator
		{2E71A399-2375-48B8-8998-90C6583F535E}.Ad-Hoc|x64.ActiveCfg = Ad-Hoc|iPhone
		{2E71A399-2375-48B8-8998-90C6583F535E}.Ad-Hoc|x64.Build.0 = Ad-Hoc|iPhone
		{2E71A399-2375-48B8-8998-90C6583F535E}.Ad-Hoc|x64.Deploy.0 = Ad-Hoc|iPhone
		{2E71A399-2375-48B8-8998-90C6583F535E}.Ad-Hoc|x86.ActiveCfg = Ad-Hoc|iPhone
		{2E71A399-2375-48B8-8998-90C6583F535E}.Ad-Hoc|x86.Build.0 = Ad-Hoc|iPhone
		{2E71A399-2375-48B8-8998-90C6583F535E}.Ad-Hoc|x86.Deploy.0 = Ad-Hoc|iPhone
		{2E71A399-2375-48B8-8998-90C6583F535E}.AppStore|Any CPU.ActiveCfg = AppStore|iPhone
		{2E71A399-2375-48B8-8998-90C6583F535E}.AppStore|Any CPU.Build.0 = AppStore|iPhone
		{2E71A399-2375-48B8-8998-90C6583F535E}.AppStore|Any CPU.Deploy.0 = AppStore|iPhone
		{2E71A399-2375-48B8-8998-90C6583F535E}.AppStore|ARM.ActiveCfg = AppStore|iPhone
		{2E71A399-2375-48B8-8998-90C6583F535E}.AppStore|ARM.Build.0 = AppStore|iPhone
		{2E71A399-2375-48B8-8998-90C6583F535E}.AppStore|ARM.Deploy.0 = AppStore|iPhone
		{2E71A399-2375-48B8-8998-90C6583F535E}.AppStore|iPhone.ActiveCfg = AppStore|iPhone
		{2E71A399-2375-48B8-8998-90C6583F535E}.AppStore|iPhone.Build.0 = AppStore|iPhone
		{2E71A399-2375-48B8-8998-90C6583F535E}.AppStore|iPhone.Deploy.0 = AppStore|iPhone
		{2E71A399-2375-48B8-8998-90C6583F535E}.AppStore|iPhoneSimulator.ActiveCfg = AppStore|iPhoneSimulator
		{2E71A399-2375-48B8-8998-90C6583F535E}.AppStore|iPhoneSimulator.Build.0 = AppStore|iPhoneSimulator
		{2E71A399-2375-48B8-8998-90C6583F535E}.AppStore|iPhoneSimulator.Deploy.0 = AppStore|iPhoneSimulator
		{2E71A399-2375-48B8-8998-90C6583F535E}.AppStore|x64.ActiveCfg = AppStore|iPhone
		{2E71A399-2375-48B8-8998-90C6583F535E}.AppStore|x64.Build.0 = AppStore|iPhone
		{2E71A399-2375-48B8-8998-90C6583F535E}.AppStore|x64.Deploy.0 = AppStore|iPhone
		{2E71A399-2375-48B8-8998-90C6583F535E}.AppStore|x86.ActiveCfg = AppStore|iPhone
		{2E71A399-2375-48B8-8998-90C6583F535E}.AppStore|x86.Build.0 = AppStore|iPhone
		{2E71A399-2375-48B8-8998-90C6583F535E}.AppStore|x86.Deploy.0 = AppStore|iPhone
		{2E71A399-2375-48B8-8998-90C6583F535E}.Debug|Any CPU.ActiveCfg = Debug|iPhoneSimulator
		{2E71A399-2375-48B8-8998-90C6583F535E}.Debug|Any CPU.Build.0 = Debug|iPhoneSimulator
		{2E71A399-2375-48B8-8998-90C6583F535E}.Debug|Any CPU.Deploy.0 = Debug|iPhoneSimulator
		{2E71A399-2375-48B8-8998-90C6583F535E}.Debug|ARM.ActiveCfg = Debug|iPhone
		{2E71A399-2375-48B8-8998-90C6583F535E}.Debug|ARM.Build.0 = Debug|iPhone
		{2E71A399-2375-48B8-8998-90C6583F535E}.Debug|ARM.Deploy.0 = Debug|iPhone
		{2E71A399-2375-48B8-8998-90C6583F535E}.Debug|iPhone.ActiveCfg = Debug|iPhone
		{2E71A399-2375-48B8-8998-90C6583F535E}.Debug|iPhone.Build.0 = Debug|iPhone
		{2E71A399-2375-48B8-8998-90C6583F535E}.Debug|iPhone.Deploy.0 = Debug|iPhone
		{2E71A399-2375-48B8-8998-90C6583F535E}.Debug|iPhoneSimulator.ActiveCfg = Debug|iPhoneSimulator
		{2E71A399-2375-48B8-8998-90C6583F535E}.Debug|iPhoneSimulator.Build.0 = Debug|iPhoneSimulator
		{2E71A399-2375-48B8-8998-90C6583F535E}.Debug|iPhoneSimulator.Deploy.0 = Debug|iPhoneSimulator
		{2E71A399-2375-48B8-8998-90C6583F535E}.Debug|x64.ActiveCfg = Debug|iPhone
		{2E71A399-2375-48B8-8998-90C6583F535E}.Debug|x64.Build.0 = Debug|iPhone
		{2E71A399-2375-48B8-8998-90C6583F535E}.Debug|x64.Deploy.0 = Debug|iPhone
		{2E71A399-2375-48B8-8998-90C6583F535E}.Debug|x86.ActiveCfg = Debug|iPhone
		{2E71A399-2375-48B8-8998-90C6583F535E}.Debug|x86.Build.0 = Debug|iPhone
		{2E71A399-2375-48B8-8998-90C6583F535E}.Debug|x86.Deploy.0 = Debug|iPhone
		{2E71A399-2375-48B8-8998-90C6583F535E}.Release|Any CPU.ActiveCfg = Release|iPhone
		{2E71A399-2375-48B8-8998-90C6583F535E}.Release|Any CPU.Build.0 = Release|iPhone
		{2E71A399-2375-48B8-8998-90C6583F535E}.Release|Any CPU.Deploy.0 = Release|iPhone
		{2E71A399-2375-48B8-8998-90C6583F535E}.Release|ARM.ActiveCfg = Release|iPhone
		{2E71A399-2375-48B8-8998-90C6583F535E}.Release|ARM.Build.0 = Release|iPhone
		{2E71A399-2375-48B8-8998-90C6583F535E}.Release|ARM.Deploy.0 = Release|iPhone
		{2E71A399-2375-48B8-8998-90C6583F535E}.Release|iPhone.ActiveCfg = Release|iPhone
		{2E71A399-2375-48B8-8998-90C6583F535E}.Release|iPhone.Build.0 = Release|iPhone
		{2E71A399-2375-48B8-8998-90C6583F535E}.Release|iPhone.Deploy.0 = Release|iPhone
		{2E71A399-2375-48B8-8998-90C6583F535E}.Release|iPhoneSimulator.ActiveCfg = Release|iPhoneSimulator
		{2E71A399-2375-48B8-8998-90C6583F535E}.Release|iPhoneSimulator.Build.0 = Release|iPhoneSimulator
		{2E71A399-2375-48B8-8998-90C6583F535E}.Release|iPhoneSimulator.Deploy.0 = Release|iPhoneSimulator
		{2E71A399-2375-48B8-8998-90C6583F535E}.Release|x64.ActiveCfg = Release|iPhone
		{2E71A399-2375-48B8-8998-90C6583F535E}.Release|x64.Build.0 = Release|iPhone
		{2E71A399-2375-48B8-8998-90C6583F535E}.Release|x64.Deploy.0 = Release|iPhone
		{2E71A399-2375-48B8-8998-90C6583F535E}.Release|x86.ActiveCfg = Release|iPhone
		{2E71A399-2375-48B8-8998-90C6583F535E}.Release|x86.Build.0 = Release|iPhone
		{2E71A399-2375-48B8-8998-90C6583F535E}.Release|x86.Deploy.0 = Release|iPhone
		{DB8BA9BC-42A0-44D5-B814-53F3A5787BDE}.Ad-Hoc|Any CPU.ActiveCfg = Release|x86
		{DB8BA9BC-42A0-44D5-B814-53F3A5787BDE}.Ad-Hoc|Any CPU.Build.0 = Release|x86
		{DB8BA9BC-42A0-44D5-B814-53F3A5787BDE}.Ad-Hoc|Any CPU.Deploy.0 = Release|x86
		{DB8BA9BC-42A0-44D5-B814-53F3A5787BDE}.Ad-Hoc|ARM.ActiveCfg = Release|ARM
		{DB8BA9BC-42A0-44D5-B814-53F3A5787BDE}.Ad-Hoc|ARM.Build.0 = Release|ARM
		{DB8BA9BC-42A0-44D5-B814-53F3A5787BDE}.Ad-Hoc|ARM.Deploy.0 = Release|ARM
		{DB8BA9BC-42A0-44D5-B814-53F3A5787BDE}.Ad-Hoc|iPhone.ActiveCfg = Release|x86
		{DB8BA9BC-42A0-44D5-B814-53F3A5787BDE}.Ad-Hoc|iPhone.Build.0 = Release|x86
		{DB8BA9BC-42A0-44D5-B814-53F3A5787BDE}.Ad-Hoc|iPhone.Deploy.0 = Release|x86
		{DB8BA9BC-42A0-44D5-B814-53F3A5787BDE}.Ad-Hoc|iPhoneSimulator.ActiveCfg = Release|x86
		{DB8BA9BC-42A0-44D5-B814-53F3A5787BDE}.Ad-Hoc|iPhoneSimulator.Build.0 = Release|x86
		{DB8BA9BC-42A0-44D5-B814-53F3A5787BDE}.Ad-Hoc|iPhoneSimulator.Deploy.0 = Release|x86
		{DB8BA9BC-42A0-44D5-B814-53F3A5787BDE}.Ad-Hoc|x64.ActiveCfg = Release|x64
		{DB8BA9BC-42A0-44D5-B814-53F3A5787BDE}.Ad-Hoc|x64.Build.0 = Release|x64
		{DB8BA9BC-42A0-44D5-B814-53F3A5787BDE}.Ad-Hoc|x64.Deploy.0 = Release|x64
		{DB8BA9BC-42A0-44D5-B814-53F3A5787BDE}.Ad-Hoc|x86.ActiveCfg = Release|x86
		{DB8BA9BC-42A0-44D5-B814-53F3A5787BDE}.Ad-Hoc|x86.Build.0 = Release|x86
		{DB8BA9BC-42A0-44D5-B814-53F3A5787BDE}.Ad-Hoc|x86.Deploy.0 = Release|x86
		{DB8BA9BC-42A0-44D5-B814-53F3A5787BDE}.AppStore|Any CPU.ActiveCfg = Release|x86
		{DB8BA9BC-42A0-44D5-B814-53F3A5787BDE}.AppStore|Any CPU.Build.0 = Release|x86
		{DB8BA9BC-42A0-44D5-B814-53F3A5787BDE}.AppStore|Any CPU.Deploy.0 = Release|x86
		{DB8BA9BC-42A0-44D5-B814-53F3A5787BDE}.AppStore|ARM.ActiveCfg = Release|ARM
		{DB8BA9BC-42A0-44D5-B814-53F3A5787BDE}.AppStore|ARM.Build.0 = Release|ARM
		{DB8BA9BC-42A0-44D5-B814-53F3A5787BDE}.AppStore|ARM.Deploy.0 = Release|ARM
		{DB8BA9BC-42A0-44D5-B814-53F3A5787BDE}.AppStore|iPhone.ActiveCfg = Release|x86
		{DB8BA9BC-42A0-44D5-B814-53F3A5787BDE}.AppStore|iPhone.Build.0 = Release|x86
		{DB8BA9BC-42A0-44D5-B814-53F3A5787BDE}.AppStore|iPhone.Deploy.0 = Release|x86
		{DB8BA9BC-42A0-44D5-B814-53F3A5787BDE}.AppStore|iPhoneSimulator.ActiveCfg = Release|x86
		{DB8BA9BC-42A0-44D5-B814-53F3A5787BDE}.AppStore|iPhoneSimulator.Build.0 = Release|x86
		{DB8BA9BC-42A0-44D5-B814-53F3A5787BDE}.AppStore|iPhoneSimulator.Deploy.0 = Release|x86
		{DB8BA9BC-42A0-44D5-B814-53F3A5787BDE}.AppStore|x64.ActiveCfg = Release|x64
		{DB8BA9BC-42A0-44D5-B814-53F3A5787BDE}.AppStore|x64.Build.0 = Release|x64
		{DB8BA9BC-42A0-44D5-B814-53F3A5787BDE}.AppStore|x64.Deploy.0 = Release|x64
		{DB8BA9BC-42A0-44D5-B814-53F3A5787BDE}.AppStore|x86.ActiveCfg = Release|x86
		{DB8BA9BC-42A0-44D5-B814-53F3A5787BDE}.AppStore|x86.Build.0 = Release|x86
		{DB8BA9BC-42A0-44D5-B814-53F3A5787BDE}.AppStore|x86.Deploy.0 = Release|x86
		{DB8BA9BC-42A0-44D5-B814-53F3A5787BDE}.Debug|Any CPU.ActiveCfg = Debug|x86
		{DB8BA9BC-42A0-44D5-B814-53F3A5787BDE}.Debug|Any CPU.Build.0 = Debug|x86
		{DB8BA9BC-42A0-44D5-B814-53F3A5787BDE}.Debug|Any CPU.Deploy.0 = Debug|x86
		{DB8BA9BC-42A0-44D5-B814-53F3A5787BDE}.Debug|ARM.ActiveCfg = Debug|ARM
		{DB8BA9BC-42A0-44D5-B814-53F3A5787BDE}.Debug|ARM.Build.0 = Debug|ARM
		{DB8BA9BC-42A0-44D5-B814-53F3A5787BDE}.Debug|ARM.Deploy.0 = Debug|ARM
		{DB8BA9BC-42A0-44D5-B814-53F3A5787BDE}.Debug|iPhone.ActiveCfg = Debug|x86
		{DB8BA9BC-42A0-44D5-B814-53F3A5787BDE}.Debug|iPhone.Build.0 = Debug|x86
		{DB8BA9BC-42A0-44D5-B814-53F3A5787BDE}.Debug|iPhone.Deploy.0 = Debug|x86
		{DB8BA9BC-42A0-44D5-B814-53F3A5787BDE}.Debug|iPhoneSimulator.ActiveCfg = Debug|x86
		{DB8BA9BC-42A0-44D5-B814-53F3A5787BDE}.Debug|iPhoneSimulator.Build.0 = Debug|x86
		{DB8BA9BC-42A0-44D5-B814-53F3A5787BDE}.Debug|iPhoneSimulator.Deploy.0 = Debug|x86
		{DB8BA9BC-42A0-44D5-B814-53F3A5787BDE}.Debug|x64.ActiveCfg = Debug|x64
		{DB8BA9BC-42A0-44D5-B814-53F3A5787BDE}.Debug|x64.Build.0 = Debug|x64
		{DB8BA9BC-42A0-44D5-B814-53F3A5787BDE}.Debug|x64.Deploy.0 = Debug|x64
		{DB8BA9BC-42A0-44D5-B814-53F3A5787BDE}.Debug|x86.ActiveCfg = Debug|x86
		{DB8BA9BC-42A0-44D5-B814-53F3A5787BDE}.Debug|x86.Build.0 = Debug|x86
		{DB8BA9BC-42A0-44D5-B814-53F3A5787BDE}.Debug|x86.Deploy.0 = Debug|x86
		{DB8BA9BC-42A0-44D5-B814-53F3A5787BDE}.Release|Any CPU.ActiveCfg = Release|x86
		{DB8BA9BC-42A0-44D5-B814-53F3A5787BDE}.Release|Any CPU.Build.0 = Release|x86
		{DB8BA9BC-42A0-44D5-B814-53F3A5787BDE}.Release|Any CPU.Deploy.0 = Release|x86
		{DB8BA9BC-42A0-44D5-B814-53F3A5787BDE}.Release|ARM.ActiveCfg = Release|ARM
		{DB8BA9BC-42A0-44D5-B814-53F3A5787BDE}.Release|ARM.Build.0 = Release|ARM
		{DB8BA9BC-42A0-44D5-B814-53F3A5787BDE}.Release|ARM.Deploy.0 = Release|ARM
		{DB8BA9BC-42A0-44D5-B814-53F3A5787BDE}.Release|iPhone.ActiveCfg = Release|x86
		{DB8BA9BC-42A0-44D5-B814-53F3A5787BDE}.Release|iPhone.Build.0 = Release|x86
		{DB8BA9BC-42A0-44D5-B814-53F3A5787BDE}.Release|iPhone.Deploy.0 = Release|x86
		{DB8BA9BC-42A0-44D5-B814-53F3A5787BDE}.Release|iPhoneSimulator.ActiveCfg = Release|x86
		{DB8BA9BC-42A0-44D5-B814-53F3A5787BDE}.Release|iPhoneSimulator.Build.0 = Release|x86
		{DB8BA9BC-42A0-44D5-B814-53F3A5787BDE}.Release|iPhoneSimulator.Deploy.0 = Release|x86
		{DB8BA9BC-42A0-44D5-B814-53F3A5787BDE}.Release|x64.ActiveCfg = Release|x64
		{DB8BA9BC-42A0-44D5-B814-53F3A5787BDE}.Release|x64.Build.0 = Release|x64
		{DB8BA9BC-42A0-44D5-B814-53F3A5787BDE}.Release|x64.Deploy.0 = Release|x64
		{DB8BA9BC-42A0-44D5-B814-53F3A5787BDE}.Release|x86.ActiveCfg = Release|x86
		{DB8BA9BC-42A0-44D5-B814-53F3A5787BDE}.Release|x86.Build.0 = Release|x86
		{DB8BA9BC-42A0-44D5-B814-53F3A5787BDE}.Release|x86.Deploy.0 = Release|x86
		{6AF03178-2FDF-4DFE-8BF8-21972A9CF62E}.Ad-Hoc|Any CPU.ActiveCfg = Debug|Any CPU
		{6AF03178-2FDF-4DFE-8BF8-21972A9CF62E}.Ad-Hoc|Any CPU.Build.0 = Debug|Any CPU
		{6AF03178-2FDF-4DFE-8BF8-21972A9CF62E}.Ad-Hoc|Any CPU.Deploy.0 = Debug|Any CPU
		{6AF03178-2FDF-4DFE-8BF8-21972A9CF62E}.Ad-Hoc|ARM.ActiveCfg = Debug|Any CPU
		{6AF03178-2FDF-4DFE-8BF8-21972A9CF62E}.Ad-Hoc|ARM.Build.0 = Debug|Any CPU
		{6AF03178-2FDF-4DFE-8BF8-21972A9CF62E}.Ad-Hoc|ARM.Deploy.0 = Debug|Any CPU
		{6AF03178-2FDF-4DFE-8BF8-21972A9CF62E}.Ad-Hoc|iPhone.ActiveCfg = Debug|Any CPU
		{6AF03178-2FDF-4DFE-8BF8-21972A9CF62E}.Ad-Hoc|iPhone.Build.0 = Debug|Any CPU
		{6AF03178-2FDF-4DFE-8BF8-21972A9CF62E}.Ad-Hoc|iPhone.Deploy.0 = Debug|Any CPU
		{6AF03178-2FDF-4DFE-8BF8-21972A9CF62E}.Ad-Hoc|iPhoneSimulator.ActiveCfg = Debug|Any CPU
		{6AF03178-2FDF-4DFE-8BF8-21972A9CF62E}.Ad-Hoc|iPhoneSimulator.Build.0 = Debug|Any CPU
		{6AF03178-2FDF-4DFE-8BF8-21972A9CF62E}.Ad-Hoc|iPhoneSimulator.Deploy.0 = Debug|Any CPU
		{6AF03178-2FDF-4DFE-8BF8-21972A9CF62E}.Ad-Hoc|x64.ActiveCfg = Debug|Any CPU
		{6AF03178-2FDF-4DFE-8BF8-21972A9CF62E}.Ad-Hoc|x64.Build.0 = Debug|Any CPU
		{6AF03178-2FDF-4DFE-8BF8-21972A9CF62E}.Ad-Hoc|x64.Deploy.0 = Debug|Any CPU
		{6AF03178-2FDF-4DFE-8BF8-21972A9CF62E}.Ad-Hoc|x86.ActiveCfg = Debug|Any CPU
		{6AF03178-2FDF-4DFE-8BF8-21972A9CF62E}.Ad-Hoc|x86.Build.0 = Debug|Any CPU
		{6AF03178-2FDF-4DFE-8BF8-21972A9CF62E}.Ad-Hoc|x86.Deploy.0 = Debug|Any CPU
		{6AF03178-2FDF-4DFE-8BF8-21972A9CF62E}.AppStore|Any CPU.ActiveCfg = Debug|Any CPU
		{6AF03178-2FDF-4DFE-8BF8-21972A9CF62E}.AppStore|Any CPU.Build.0 = Debug|Any CPU
		{6AF03178-2FDF-4DFE-8BF8-21972A9CF62E}.AppStore|Any CPU.Deploy.0 = Debug|Any CPU
		{6AF03178-2FDF-4DFE-8BF8-21972A9CF62E}.AppStore|ARM.ActiveCfg = Debug|Any CPU
		{6AF03178-2FDF-4DFE-8BF8-21972A9CF62E}.AppStore|ARM.Build.0 = Debug|Any CPU
		{6AF03178-2FDF-4DFE-8BF8-21972A9CF62E}.AppStore|ARM.Deploy.0 = Debug|Any CPU
		{6AF03178-2FDF-4DFE-8BF8-21972A9CF62E}.AppStore|iPhone.ActiveCfg = Debug|Any CPU
		{6AF03178-2FDF-4DFE-8BF8-21972A9CF62E}.AppStore|iPhone.Build.0 = Debug|Any CPU
		{6AF03178-2FDF-4DFE-8BF8-21972A9CF62E}.AppStore|iPhone.Deploy.0 = Debug|Any CPU
		{6AF03178-2FDF-4DFE-8BF8-21972A9CF62E}.AppStore|iPhoneSimulator.ActiveCfg = Debug|Any CPU
		{6AF03178-2FDF-4DFE-8BF8-21972A9CF62E}.AppStore|iPhoneSimulator.Build.0 = Debug|Any CPU
		{6AF03178-2FDF-4DFE-8BF8-21972A9CF62E}.AppStore|iPhoneSimulator.Deploy.0 = Debug|Any CPU
		{6AF03178-2FDF-4DFE-8BF8-21972A9CF62E}.AppStore|x64.ActiveCfg = Debug|Any CPU
		{6AF03178-2FDF-4DFE-8BF8-21972A9CF62E}.AppStore|x64.Build.0 = Debug|Any CPU
		{6AF03178-2FDF-4DFE-8BF8-21972A9CF62E}.AppStore|x64.Deploy.0 = Debug|Any CPU
		{6AF03178-2FDF-4DFE-8BF8-21972A9CF62E}.AppStore|x86.ActiveCfg = Debug|Any CPU
		{6AF03178-2FDF-4DFE-8BF8-21972A9CF62E}.AppStore|x86.Build.0 = Debug|Any CPU
		{6AF03178-2FDF-4DFE-8BF8-21972A9CF62E}.AppStore|x86.Deploy.0 = Debug|Any CPU
		{6AF03178-2FDF-4DFE-8BF8-21972A9CF62E}.Debug|Any CPU.ActiveCfg = Debug|Any CPU
		{6AF03178-2FDF-4DFE-8BF8-21972A9CF62E}.Debug|Any CPU.Build.0 = Debug|Any CPU
		{6AF03178-2FDF-4DFE-8BF8-21972A9CF62E}.Debug|Any CPU.Deploy.0 = Debug|Any CPU
		{6AF03178-2FDF-4DFE-8BF8-21972A9CF62E}.Debug|ARM.ActiveCfg = Debug|Any CPU
		{6AF03178-2FDF-4DFE-8BF8-21972A9CF62E}.Debug|ARM.Build.0 = Debug|Any CPU
		{6AF03178-2FDF-4DFE-8BF8-21972A9CF62E}.Debug|ARM.Deploy.0 = Debug|Any CPU
		{6AF03178-2FDF-4DFE-8BF8-21972A9CF62E}.Debug|iPhone.ActiveCfg = Debug|Any CPU
		{6AF03178-2FDF-4DFE-8BF8-21972A9CF62E}.Debug|iPhone.Build.0 = Debug|Any CPU
		{6AF03178-2FDF-4DFE-8BF8-21972A9CF62E}.Debug|iPhone.Deploy.0 = Debug|Any CPU
		{6AF03178-2FDF-4DFE-8BF8-21972A9CF62E}.Debug|iPhoneSimulator.ActiveCfg = Debug|Any CPU
		{6AF03178-2FDF-4DFE-8BF8-21972A9CF62E}.Debug|iPhoneSimulator.Build.0 = Debug|Any CPU
		{6AF03178-2FDF-4DFE-8BF8-21972A9CF62E}.Debug|iPhoneSimulator.Deploy.0 = Debug|Any CPU
		{6AF03178-2FDF-4DFE-8BF8-21972A9CF62E}.Debug|x64.ActiveCfg = Debug|Any CPU
		{6AF03178-2FDF-4DFE-8BF8-21972A9CF62E}.Debug|x64.Build.0 = Debug|Any CPU
		{6AF03178-2FDF-4DFE-8BF8-21972A9CF62E}.Debug|x64.Deploy.0 = Debug|Any CPU
		{6AF03178-2FDF-4DFE-8BF8-21972A9CF62E}.Debug|x86.ActiveCfg = Debug|Any CPU
		{6AF03178-2FDF-4DFE-8BF8-21972A9CF62E}.Debug|x86.Build.0 = Debug|Any CPU
		{6AF03178-2FDF-4DFE-8BF8-21972A9CF62E}.Debug|x86.Deploy.0 = Debug|Any CPU
		{6AF03178-2FDF-4DFE-8BF8-21972A9CF62E}.Release|Any CPU.ActiveCfg = Release|Any CPU
		{6AF03178-2FDF-4DFE-8BF8-21972A9CF62E}.Release|Any CPU.Build.0 = Release|Any CPU
		{6AF03178-2FDF-4DFE-8BF8-21972A9CF62E}.Release|Any CPU.Deploy.0 = Release|Any CPU
		{6AF03178-2FDF-4DFE-8BF8-21972A9CF62E}.Release|ARM.ActiveCfg = Release|Any CPU
		{6AF03178-2FDF-4DFE-8BF8-21972A9CF62E}.Release|ARM.Build.0 = Release|Any CPU
		{6AF03178-2FDF-4DFE-8BF8-21972A9CF62E}.Release|ARM.Deploy.0 = Release|Any CPU
		{6AF03178-2FDF-4DFE-8BF8-21972A9CF62E}.Release|iPhone.ActiveCfg = Release|Any CPU
		{6AF03178-2FDF-4DFE-8BF8-21972A9CF62E}.Release|iPhone.Build.0 = Release|Any CPU
		{6AF03178-2FDF-4DFE-8BF8-21972A9CF62E}.Release|iPhone.Deploy.0 = Release|Any CPU
		{6AF03178-2FDF-4DFE-8BF8-21972A9CF62E}.Release|iPhoneSimulator.ActiveCfg = Release|Any CPU
		{6AF03178-2FDF-4DFE-8BF8-21972A9CF62E}.Release|iPhoneSimulator.Build.0 = Release|Any CPU
		{6AF03178-2FDF-4DFE-8BF8-21972A9CF62E}.Release|iPhoneSimulator.Deploy.0 = Release|Any CPU
		{6AF03178-2FDF-4DFE-8BF8-21972A9CF62E}.Release|x64.ActiveCfg = Release|Any CPU
		{6AF03178-2FDF-4DFE-8BF8-21972A9CF62E}.Release|x64.Build.0 = Release|Any CPU
		{6AF03178-2FDF-4DFE-8BF8-21972A9CF62E}.Release|x64.Deploy.0 = Release|Any CPU
		{6AF03178-2FDF-4DFE-8BF8-21972A9CF62E}.Release|x86.ActiveCfg = Release|Any CPU
		{6AF03178-2FDF-4DFE-8BF8-21972A9CF62E}.Release|x86.Build.0 = Release|Any CPU
		{6AF03178-2FDF-4DFE-8BF8-21972A9CF62E}.Release|x86.Deploy.0 = Release|Any CPU
	EndGlobalSection
	GlobalSection(SolutionProperties) = preSolution
		HideSolutionNode = FALSE
	EndGlobalSection
	GlobalSection(ExtensibilityGlobals) = postSolution
		SolutionGuid = {4EA9F6DE-116D-4A26-B559-D1633EC64BAD}
	EndGlobalSection
EndGlobal
